# THIS IS AN AUTOGENERATED FILE. DO NOT EDIT THIS FILE DIRECTLY.
# yarn lockfile v1


bulma-prefers-dark@^0.1.0-beta.1:
  version "0.1.0-beta.1"
  resolved "https://registry.yarnpkg.com/bulma-prefers-dark/-/bulma-prefers-dark-0.1.0-beta.1.tgz#074aa71899f389a0137dd3753f0d89e96ab1e59b"
  integrity sha512-ti4sKxIIrTAvGtsYc9Rk66SUZSH/j63EU1hApQijQVlKFF0qBLGSb8E16HhI83KJaIeYP4aAHQv2tj0ara831A==

bulma@^0.9.4:
  version "0.9.4"
  resolved "https://registry.yarnpkg.com/bulma/-/bulma-0.9.4.tgz#0ca8aeb1847a34264768dba26a064c8be72674a1"
  integrity sha512-86FlT5+1GrsgKbPLRRY7cGDg8fsJiP/jzTqXXVqiUZZ2aZT8uemEOHlU1CDU+TxklPEZ11HZNNWclRBBecP4CQ==
